
Microsoft Visual Studio Solution File, Format Version 12.00
# Visual Studio Version 16
VisualStudioVersion = 16.0.30011.22
MinimumVisualStudioVersion = 10.0.40219.1
Project("{FAE04EC0-301F-11D3-BF4B-00C04F79EFBC}") = "SampleSqlite64bitFx461", "SampleSqlite64bitFx461\SampleSqlite64bitFx461.csproj", "{0995E53C-5E61-4884-BF87-CD33084958D7}"
EndProject
Global
	GlobalSection(SolutionConfigurationPlatforms) = preSolution
		Debug|Any CPU = Debug|Any CPU
		Release|Any CPU = Release|Any CPU
	EndGlobalSection
	GlobalSection(ProjectConfigurationPlatforms) = postSolution
		{0995E53C-5E61-4884-BF87-CD33084958D7}.Debug|Any CPU.ActiveCfg = Debug|Any CPU
		{0995E53C-5E61-4884-BF87-CD33084958D7}.Debug|Any CPU.Build.0 = Debug|Any CPU
		{0995E53C-5E61-4884-BF87-CD33084958D7}.Release|Any CPU.ActiveCfg = Release|Any CPU
		{0995E53C-5E61-4884-BF87-CD33084958D7}.Release|Any CPU.Build.0 = Release|Any CPU
	EndGlobalSection
	GlobalSection(SolutionProperties) = preSolution
		HideSolutionNode = FALSE
	EndGlobalSection
	GlobalSection(ExtensibilityGlobals) = postSolution
		SolutionGuid = {A1B76F99-32F8-4E38-99A7-328AEC7BD471}
	EndGlobalSection
EndGlobal
